{
  "name": "chessrepeat",
  "lockfileVersion": 3,
  "requires": true,
  "packages": {
    "": {
      "dependencies": {
        "immer": "^11.1.3"
      }
    },
    "node_modules/immer": {
      "version": "11.1.3",
      "resolved": "https://registry.npmjs.org/immer/-/immer-11.1.3.tgz",
      "integrity": "sha512-6jQTc5z0KJFtr1UgFpIL3N9XSC3saRaI9PwWtzM2pSqkNGtiNkYY2OSwkOGDK2XcTRcLb1pi/aNkKZz0nxVH4Q==",
      "license": "MIT",
      "funding": {
        "type": "opencollective",
        "url": "https://opencollective.com/immer"
      }
    }
  }
}
